// !$*UTF8*$!
{
	archiveVersion = 1;
	classes = {
	};
	objectVersion = 55;
	objects = {

/* Begin PBXBuildFile section */
		B10794B3285215C5009D8A26 /* DetailsViewController.swift in Sources */ = {isa = PBXBuildFile; fileRef = B10794B2285215C5009D8A26 /* DetailsViewController.swift */; };
		B1188C92284E3DBA00493965 /* ToDoViewModel.swift in Sources */ = {isa = PBXBuildFile; fileRef = B1188C91284E3DBA00493965 /* ToDoViewModel.swift */; };
		B1DC6130284D1021000CC8D5 /* AddToDoViewController.swift in Sources */ = {isa = PBXBuildFile; fileRef = B1DC612F284D1021000CC8D5 /* AddToDoViewController.swift */; };
		B1DC84622849F85F008235D8 /* AppDelegate.swift in Sources */ = {isa = PBXBuildFile; fileRef = B1DC84612849F85F008235D8 /* AppDelegate.swift */; };
		B1DC84642849F85F008235D8 /* SceneDelegate.swift in Sources */ = {isa = PBXBuildFile; fileRef = B1DC84632849F85F008235D8 /* SceneDelegate.swift */; };
		B1DC84662849F85F008235D8 /* ViewController.swift in Sources */ = {isa = PBXBuildFile; fileRef = B1DC84652849F85F008235D8 /* ViewController.swift */; };
		B1DC84692849F85F008235D8 /* Main.storyboard in Resources */ = {isa = PBXBuildFile; fileRef = B1DC84672849F85F008235D8 /* Main.storyboard */; };
		B1DC846B2849F861008235D8 /* Assets.xcassets in Resources */ = {isa = PBXBuildFile; fileRef = B1DC846A2849F861008235D8 /* Assets.xcassets */; };
		B1DC846E2849F861008235D8 /* LaunchScreen.storyboard in Resources */ = {isa = PBXBuildFile; fileRef = B1DC846C2849F861008235D8 /* LaunchScreen.storyboard */; };
		B1DC84772849FB71008235D8 /* SnapKit in Frameworks */ = {isa = PBXBuildFile; productRef = B1DC84762849FB71008235D8 /* SnapKit */; };
		B1DC847D284A002E008235D8 /* ToDoViewController.swift in Sources */ = {isa = PBXBuildFile; fileRef = B1DC847C284A002E008235D8 /* ToDoViewController.swift */; };
		B1DC847F284A0F65008235D8 /* ToDoTableViewCell.swift in Sources */ = {isa = PBXBuildFile; fileRef = B1DC847E284A0F65008235D8 /* ToDoTableViewCell.swift */; };
		B1DC8481284A48C8008235D8 /* ToDoModel.swift in Sources */ = {isa = PBXBuildFile; fileRef = B1DC8480284A48C8008235D8 /* ToDoModel.swift */; };
/* End PBXBuildFile section */

/* Begin PBXFileReference section */
		B10794B2285215C5009D8A26 /* DetailsViewController.swift */ = {isa = PBXFileReference; lastKnownFileType = sourcecode.swift; path = DetailsViewController.swift; sourceTree = "<group>"; };
		B1188C91284E3DBA00493965 /* ToDoViewModel.swift */ = {isa = PBXFileReference; lastKnownFileType = sourcecode.swift; path = ToDoViewModel.swift; sourceTree = "<group>"; };
		B1DC612F284D1021000CC8D5 /* AddToDoViewController.swift */ = {isa = PBXFileReference; lastKnownFileType = sourcecode.swift; path = AddToDoViewController.swift; sourceTree = "<group>"; };
		B1DC845E2849F85F008235D8 /* ToDoListApp.app */ = {isa = PBXFileReference; explicitFileType = wrapper.application; includeInIndex = 0; path = ToDoListApp.app; sourceTree = BUILT_PRODUCTS_DIR; };
		B1DC84612849F85F008235D8 /* AppDelegate.swift */ = {isa = PBXFileReference; lastKnownFileType = sourcecode.swift; path = AppDelegate.swift; sourceTree = "<group>"; };
		B1DC84632849F85F008235D8 /* SceneDelegate.swift */ = {isa = PBXFileReference; lastKnownFileType = sourcecode.swift; path = SceneDelegate.swift; sourceTree = "<group>"; };
		B1DC84652849F85F008235D8 /* ViewController.swift */ = {isa = PBXFileReference; lastKnownFileType = sourcecode.swift; path = ViewController.swift; sourceTree = "<group>"; };
		B1DC84682849F85F008235D8 /* Base */ = {isa = PBXFileReference; lastKnownFileType = file.storyboard; name = Base; path = Base.lproj/Main.storyboard; sourceTree = "<group>"; };
		B1DC846A2849F861008235D8 /* Assets.xcassets */ = {isa = PBXFileReference; lastKnownFileType = folder.assetcatalog; path = Assets.xcassets; sourceTree = "<group>"; };
		B1DC846D2849F861008235D8 /* Base */ = {isa = PBXFileReference; lastKnownFileType = file.storyboard; name = Base; path = Base.lproj/LaunchScreen.storyboard; sourceTree = "<group>"; };
		B1DC846F2849F861008235D8 /* Info.plist */ = {isa = PBXFileReference; lastKnownFileType = text.plist.xml; path = Info.plist; sourceTree = "<group>"; };
		B1DC847C284A002E008235D8 /* ToDoViewController.swift */ = {isa = PBXFileReference; lastKnownFileType = sourcecode.swift; path = ToDoViewController.swift; sourceTree = "<group>"; };
		B1DC847E284A0F65008235D8 /* ToDoTableViewCell.swift */ = {isa = PBXFileReference; lastKnownFileType = sourcecode.swift; path = ToDoTableViewCell.swift; sourceTree = "<group>"; };
		B1DC8480284A48C8008235D8 /* ToDoModel.swift */ = {isa = PBXFileReference; lastKnownFileType = sourcecode.swift; path = ToDoModel.swift; sourceTree = "<group>"; };
/* End PBXFileReference section */

/* Begin PBXFrameworksBuildPhase section */
		B1DC845B2849F85F008235D8 /* Frameworks */ = {
			isa = PBXFrameworksBuildPhase;
			buildActionMask = 2147483647;
			files = (
				B1DC84772849FB71008235D8 /* SnapKit in Frameworks */,
			);
			runOnlyForDeploymentPostprocessing = 0;
		};
/* End PBXFrameworksBuildPhase section */

/* Begin PBXGroup section */
		B1DC84552849F85F008235D8 = {
			isa = PBXGroup;
			children = (
				B1DC84602849F85F008235D8 /* ToDoListApp */,
				B1DC845F2849F85F008235D8 /* Products */,
			);
			sourceTree = "<group>";
		};
		B1DC845F2849F85F008235D8 /* Products */ = {
			isa = PBXGroup;
			children = (
				B1DC845E2849F85F008235D8 /* ToDoListApp.app */,
			);
			name = Products;
			sourceTree = "<group>";
		};
		B1DC84602849F85F008235D8 /* ToDoListApp */ = {
			isa = PBXGroup;
			children = (
				B1DC847A2849FE45008235D8 /* View */,
				B1DC847B2849FE4A008235D8 /* ViewModel */,
				B1DC84792849FE40008235D8 /* Model */,
				B1DC84782849FCE4008235D8 /* Core */,
				B1DC846C2849F861008235D8 /* LaunchScreen.storyboard */,
				B1DC846F2849F861008235D8 /* Info.plist */,
			);
			path = ToDoListApp;
			sourceTree = "<group>";
		};
		B1DC84782849FCE4008235D8 /* Core */ = {
			isa = PBXGroup;
			children = (
				B1DC846A2849F861008235D8 /* Assets.xcassets */,
				B1DC84672849F85F008235D8 /* Main.storyboard */,
				B1DC84652849F85F008235D8 /* ViewController.swift */,
				B1DC84632849F85F008235D8 /* SceneDelegate.swift */,
				B1DC84612849F85F008235D8 /* AppDelegate.swift */,
			);
			path = Core;
			sourceTree = "<group>";
		};
		B1DC84792849FE40008235D8 /* Model */ = {
			isa = PBXGroup;
			children = (
				B1DC8480284A48C8008235D8 /* ToDoModel.swift */,
			);
			path = Model;
			sourceTree = "<group>";
		};
		B1DC847A2849FE45008235D8 /* View */ = {
			isa = PBXGroup;
			children = (
				B1DC847C284A002E008235D8 /* ToDoViewController.swift */,
				B1DC847E284A0F65008235D8 /* ToDoTableViewCell.swift */,
				B1DC612F284D1021000CC8D5 /* AddToDoViewController.swift */,
				B10794B2285215C5009D8A26 /* DetailsViewController.swift */,
			);
			path = View;
			sourceTree = "<group>";
		};
		B1DC847B2849FE4A008235D8 /* ViewModel */ = {
			isa = PBXGroup;
			children = (
				B1188C91284E3DBA00493965 /* ToDoViewModel.swift */,
			);
			path = ViewModel;
			sourceTree = "<group>";
		};
/* End PBXGroup section */

/* Begin PBXNativeTarget section */
		B1DC845D2849F85F008235D8 /* ToDoListApp */ = {
			isa = PBXNativeTarget;
			buildConfigurationList = B1DC84722849F861008235D8 /* Build configuration list for PBXNativeTarget "ToDoListApp" */;
			buildPhases = (
				B1DC845A2849F85F008235D8 /* Sources */,
				B1DC845B2849F85F008235D8 /* Frameworks */,
				B1DC845C2849F85F008235D8 /* Resources */,
			);
			buildRules = (
			);
			dependencies = (
			);
			name = ToDoListApp;
			packageProductDependencies = (
				B1DC84762849FB71008235D8 /* SnapKit */,
			);
			productName = ToDoListApp;
			productReference = B1DC845E2849F85F008235D8 /* ToDoListApp.app */;
			productType = "com.apple.product-type.application";
		};
/* End PBXNativeTarget section */

/* Begin PBXProject section */
		B1DC84562849F85F008235D8 /* Project object */ = {
			isa = PBXProject;
			attributes = {
				BuildIndependentTargetsInParallel = 1;
				LastSwiftUpdateCheck = 1340;
				LastUpgradeCheck = 1340;
				TargetAttributes = {
					B1DC845D2849F85F008235D8 = {
						CreatedOnToolsVersion = 13.4;
					};
				};
			};
			buildConfigurationList = B1DC84592849F85F008235D8 /* Build configuration list for PBXProject "ToDoListApp" */;
			compatibilityVersion = "Xcode 13.0";
			developmentRegion = en;
			hasScannedForEncodings = 0;
			knownRegions = (
				en,
				Base,
			);
			mainGroup = B1DC84552849F85F008235D8;
			packageReferences = (
				B1DC84752849FB71008235D8 /* XCRemoteSwiftPackageReference "SnapKit" */,
			);
			productRefGroup = B1DC845F2849F85F008235D8 /* Products */;
			projectDirPath = "";
			projectRoot = "";
			targets = (
				B1DC845D2849F85F008235D8 /* ToDoListApp */,
			);
		};
/* End PBXProject section */

/* Begin PBXResourcesBuildPhase section */
		B1DC845C2849F85F008235D8 /* Resources */ = {
			isa = PBXResourcesBuildPhase;
			buildActionMask = 2147483647;
			files = (
				B1DC846E2849F861008235D8 /* LaunchScreen.storyboard in Resources */,
				B1DC846B2849F861008235D8 /* Assets.xcassets in Resources */,
				B1DC84692849F85F008235D8 /* Main.storyboard in Resources */,
			);
			runOnlyForDeploymentPostprocessing = 0;
		};
/* End PBXResourcesBuildPhase section */

/* Begin PBXSourcesBuildPhase section */
		B1DC845A2849F85F008235D8 /* Sources */ = {
			isa = PBXSourcesBuildPhase;
			buildActionMask = 2147483647;
			files = (
				B1188C92284E3DBA00493965 /* ToDoViewModel.swift in Sources */,
				B1DC8481284A48C8008235D8 /* ToDoModel.swift in Sources */,
				B10794B3285215C5009D8A26 /* DetailsViewController.swift in Sources */,
				B1DC847D284A002E008235D8 /* ToDoViewController.swift in Sources */,
				B1DC84662849F85F008235D8 /* ViewController.swift in Sources */,
				B1DC84622849F85F008235D8 /* AppDelegate.swift in Sources */,
				B1DC6130284D1021000CC8D5 /* AddToDoViewController.swift in Sources */,
				B1DC84642849F85F008235D8 /* SceneDelegate.swift in Sources */,
				B1DC847F284A0F65008235D8 /* ToDoTableViewCell.swift in Sources */,
			);
			runOnlyForDeploymentPostprocessing = 0;
		};
/* End PBXSourcesBuildPhase section */

/* Begin PBXVariantGroup section */
		B1DC84672849F85F008235D8 /* Main.storyboard */ = {
			isa = PBXVariantGroup;
			children = (
				B1DC84682849F85F008235D8 /* Base */,
			);
			name = Main.storyboard;
			sourceTree = "<group>";
		};
		B1DC846C2849F861008235D8 /* LaunchScreen.storyboard */ = {
			isa = PBXVariantGroup;
			children = (
				B1DC846D2849F861008235D8 /* Base */,
			);
			name = LaunchScreen.storyboard;
			sourceTree = "<group>";
		};
/* End PBXVariantGroup section */

/* Begin XCBuildConfiguration section */
		B1DC84702849F861008235D8 /* Debug */ = {
			isa = XCBuildConfiguration;
			buildSettings = {
				ALWAYS_SEARCH_USER_PATHS = NO;
				CLANG_ANALYZER_NONNULL = YES;
				CLANG_ANALYZER_NUMBER_OBJECT_CONVERSION = YES_AGGRESSIVE;
				CLANG_CXX_LANGUAGE_STANDARD = "gnu++17";
				CLANG_ENABLE_MODULES = YES;
				CLANG_ENABLE_OBJC_ARC = YES;
				CLANG_ENABLE_OBJC_WEAK = YES;
				CLANG_WARN_BLOCK_CAPTURE_AUTORELEASING = YES;
				CLANG_WARN_BOOL_CONVERSION = YES;
				CLANG_WARN_COMMA = YES;
				CLANG_WARN_CONSTANT_CONVERSION = YES;
				CLANG_WARN_DEPRECATED_OBJC_IMPLEMENTATIONS = YES;
				CLANG_WARN_DIRECT_OBJC_ISA_USAGE = YES_ERROR;
				CLANG_WARN_DOCUMENTATION_COMMENTS = YES;
				CLANG_WARN_EMPTY_BODY = YES;
				CLANG_WARN_ENUM_CONVERSION = YES;
				CLANG_WARN_INFINITE_RECURSION = YES;
				CLANG_WARN_INT_CONVERSION = YES;
				CLANG_WARN_NON_LITERAL_NULL_CONVERSION = YES;
				CLANG_WARN_OBJC_IMPLICIT_RETAIN_SELF = YES;
				CLANG_WARN_OBJC_LITERAL_CONVERSION = YES;
				CLANG_WARN_OBJC_ROOT_CLASS = YES_ERROR;
				CLANG_WARN_QUOTED_INCLUDE_IN_FRAMEWORK_HEADER = YES;
				CLANG_WARN_RANGE_LOOP_ANALYSIS = YES;
				CLANG_WARN_STRICT_PROTOTYPES = YES;
				CLANG_WARN_SUSPICIOUS_MOVE = YES;
				CLANG_WARN_UNGUARDED_AVAILABILITY = YES_AGGRESSIVE;
				CLANG_WARN_UNREACHABLE_CODE = YES;
				CLANG_WARN__DUPLICATE_METHOD_MATCH = YES;
				COPY_PHASE_STRIP = NO;
				DEBUG_INFORMATION_FORMAT = dwarf;
				ENABLE_STRICT_OBJC_MSGSEND = YES;
				ENABLE_TESTABILITY = YES;
				GCC_C_LANGUAGE_STANDARD = gnu11;
				GCC_DYNAMIC_NO_PIC = NO;
				GCC_NO_COMMON_BLOCKS = YES;
				GCC_OPTIMIZATION_LEVEL = 0;
				GCC_PREPROCESSOR_DEFINITIONS = (
					"DEBUG=1",
					"$(inherited)",
				);
				GCC_WARN_64_TO_32_BIT_CONVERSION = YES;
				GCC_WARN_ABOUT_RETURN_TYPE = YES_ERROR;
				GCC_WARN_UNDECLARED_SELECTOR = YES;
				GCC_WARN_UNINITIALIZED_AUTOS = YES_AGGRESSIVE;
				GCC_WARN_UNUSED_FUNCTION = YES;
				GCC_WARN_UNUSED_VARIABLE = YES;
				IPHONEOS_DEPLOYMENT_TARGET = 15.5;
				MTL_ENABLE_DEBUG_INFO = INCLUDE_SOURCE;
				MTL_FAST_MATH = YES;
				ONLY_ACTIVE_ARCH = YES;
				SDKROOT = iphoneos;
				SWIFT_ACTIVE_COMPILATION_CONDITIONS = DEBUG;
				SWIFT_OPTIMIZATION_LEVEL = "-Onone";
			};
			name = Debug;
		};
		B1DC84712849F861008235D8 /* Release */ = {
			isa = XCBuildConfiguration;
			buildSettings = {
				ALWAYS_SEARCH_USER_PATHS = NO;
				CLANG_ANALYZER_NONNULL = YES;
				CLANG_ANALYZER_NUMBER_OBJECT_CONVERSION = YES_AGGRESSIVE;
				CLANG_CXX_LANGUAGE_STANDARD = "gnu++17";
				CLANG_ENABLE_MODULES = YES;
				CLANG_ENABLE_OBJC_ARC = YES;
				CLANG_ENABLE_OBJC_WEAK = YES;
				CLANG_WARN_BLOCK_CAPTURE_AUTORELEASING = YES;
				CLANG_WARN_BOOL_CONVERSION = YES;
				CLANG_WARN_COMMA = YES;
				CLANG_WARN_CONSTANT_CONVERSION = YES;
				CLANG_WARN_DEPRECATED_OBJC_IMPLEMENTATIONS = YES;
				CLANG_WARN_DIRECT_OBJC_ISA_USAGE = YES_ERROR;
				CLANG_WARN_DOCUMENTATION_COMMENTS = YES;
				CLANG_WARN_EMPTY_BODY = YES;
				CLANG_WARN_ENUM_CONVERSION = YES;
				CLANG_WARN_INFINITE_RECURSION = YES;
				CLANG_WARN_INT_CONVERSION = YES;
				CLANG_WARN_NON_LITERAL_NULL_CONVERSION = YES;
				CLANG_WARN_OBJC_IMPLICIT_RETAIN_SELF = YES;
				CLANG_WARN_OBJC_LITERAL_CONVERSION = YES;
				CLANG_WARN_OBJC_ROOT_CLASS = YES_ERROR;
				CLANG_WARN_QUOTED_INCLUDE_IN_FRAMEWORK_HEADER = YES;
				CLANG_WARN_RANGE_LOOP_ANALYSIS = YES;
				CLANG_WARN_STRICT_PROTOTYPES = YES;
				CLANG_WARN_SUSPICIOUS_MOVE = YES;
				CLANG_WARN_UNGUARDED_AVAILABILITY = YES_AGGRESSIVE;
				CLANG_WARN_UNREACHABLE_CODE = YES;
				CLANG_WARN__DUPLICATE_METHOD_MATCH = YES;
				COPY_PHASE_STRIP = NO;
				DEBUG_INFORMATION_FORMAT = "dwarf-with-dsym";
				ENABLE_NS_ASSERTIONS = NO;
				ENABLE_STRICT_OBJC_MSGSEND = YES;
				GCC_C_LANGUAGE_STANDARD = gnu11;
				GCC_NO_COMMON_BLOCKS = YES;
				GCC_WARN_64_TO_32_BIT_CONVERSION = YES;
				GCC_WARN_ABOUT_RETURN_TYPE = YES_ERROR;
				GCC_WARN_UNDECLARED_SELECTOR = YES;
				GCC_WARN_UNINITIALIZED_AUTOS = YES_AGGRESSIVE;
				GCC_WARN_UNUSED_FUNCTION = YES;
				GCC_WARN_UNUSED_VARIABLE = YES;
				IPHONEOS_DEPLOYMENT_TARGET = 15.5;
				MTL_ENABLE_DEBUG_INFO = NO;
				MTL_FAST_MATH = YES;
				SDKROOT = iphoneos;
				SWIFT_COMPILATION_MODE = wholemodule;
				SWIFT_OPTIMIZATION_LEVEL = "-O";
				VALIDATE_PRODUCT = YES;
			};
			name = Release;
		};
		B1DC84732849F861008235D8 /* Debug */ = {
			isa = XCBuildConfiguration;
			buildSettings = {
				ASSETCATALOG_COMPILER_APPICON_NAME = AppIcon;
				ASSETCATALOG_COMPILER_GLOBAL_ACCENT_COLOR_NAME = AccentColor;
				CODE_SIGN_STYLE = Automatic;
				CURRENT_PROJECT_VERSION = 1;
				DEVELOPMENT_TEAM = QQ4V82589Y;
				GENERATE_INFOPLIST_FILE = YES;
				INFOPLIST_FILE = ToDoListApp/Info.plist;
				INFOPLIST_KEY_UIApplicationSupportsIndirectInputEvents = YES;
				INFOPLIST_KEY_UILaunchStoryboardName = LaunchScreen;
				INFOPLIST_KEY_UIMainStoryboardFile = Main;
				INFOPLIST_KEY_UISupportedInterfaceOrientations = UIInterfaceOrientationPortrait;
				INFOPLIST_KEY_UISupportedInterfaceOrientations_iPad = "UIInterfaceOrientationPortrait UIInterfaceOrientationPortraitUpsideDown UIInterfaceOrientationLandscapeLeft UIInterfaceOrientationLandscapeRight";
				INFOPLIST_KEY_UISupportedInterfaceOrientations_iPhone = "UIInterfaceOrientationPortrait UIInterfaceOrientationLandscapeLeft UIInterfaceOrientationLandscapeRight";
				IPHONEOS_DEPLOYMENT_TARGET = 14.0;
				LD_RUNPATH_SEARCH_PATHS = (
					"$(inherited)",
					"@executable_path/Frameworks",
				);
				MARKETING_VERSION = 0.1.0;
				PRODUCT_BUNDLE_IDENTIFIER = com.berkaysancar.todolistapp;
				PRODUCT_NAME = "$(TARGET_NAME)";
				SWIFT_EMIT_LOC_STRINGS = YES;
				SWIFT_VERSION = 5.0;
				TARGETED_DEVICE_FAMILY = 1;
			};
			name = Debug;
		};
		B1DC84742849F861008235D8 /* Release */ = {
			isa = XCBuildConfiguration;
			buildSettings = {
				ASSETCATALOG_COMPILER_APPICON_NAME = AppIcon;
				ASSETCATALOG_COMPILER_GLOBAL_ACCENT_COLOR_NAME = AccentColor;
				CODE_SIGN_STYLE = Automatic;
				CURRENT_PROJECT_VERSION = 1;
				DEVELOPMENT_TEAM = QQ4V82589Y;
				GENERATE_INFOPLIST_FILE = YES;
				INFOPLIST_FILE = ToDoListApp/Info.plist;
				INFOPLIST_KEY_UIApplicationSupportsIndirectInputEvents = YES;
				INFOPLIST_KEY_UILaunchStoryboardName = LaunchScreen;
				INFOPLIST_KEY_UIMainStoryboardFile = Main;
				INFOPLIST_KEY_UISupportedInterfaceOrientations = UIInterfaceOrientationPortrait;
				INFOPLIST_KEY_UISupportedInterfaceOrientations_iPad = "UIInterfaceOrientationPortrait UIInterfaceOrientationPortraitUpsideDown UIInterfaceOrientationLandscapeLeft UIInterfaceOrientationLandscapeRight";
				INFOPLIST_KEY_UISupportedInterfaceOrientations_iPhone = "UIInterfaceOrientationPortrait UIInterfaceOrientationLandscapeLeft UIInterfaceOrientationLandscapeRight";
				IPHONEOS_DEPLOYMENT_TARGET = 14.0;
				LD_RUNPATH_SEARCH_PATHS = (
					"$(inherited)",
					"@executable_path/Frameworks",
				);
				MARKETING_VERSION = 0.1.0;
				PRODUCT_BUNDLE_IDENTIFIER = com.berkaysancar.todolistapp;
				PRODUCT_NAME = "$(TARGET_NAME)";
				SWIFT_EMIT_LOC_STRINGS = YES;
				SWIFT_VERSION = 5.0;
				TARGETED_DEVICE_FAMILY = 1;
			};
			name = Release;
		};
/* End XCBuildConfiguration section */

/* Begin XCConfigurationList section */
		B1DC84592849F85F008235D8 /* Build configuration list for PBXProject "ToDoListApp" */ = {
			isa = XCConfigurationList;
			buildConfigurations = (
				B1DC84702849F861008235D8 /* Debug */,
				B1DC84712849F861008235D8 /* Release */,
			);
			defaultConfigurationIsVisible = 0;
			defaultConfigurationName = Release;
		};
		B1DC84722849F861008235D8 /* Build configuration list for PBXNativeTarget "ToDoListApp" */ = {
			isa = XCConfigurationList;
			buildConfigurations = (
				B1DC84732849F861008235D8 /* Debug */,
				B1DC84742849F861008235D8 /* Release */,
			);
			defaultConfigurationIsVisible = 0;
			defaultConfigurationName = Release;
		};
/* End XCConfigurationList section */

/* Begin XCRemoteSwiftPackageReference section */
		B1DC84752849FB71008235D8 /* XCRemoteSwiftPackageReference "SnapKit" */ = {
			isa = XCRemoteSwiftPackageReference;
			repositoryURL = "https://github.com/SnapKit/SnapKit.git";
			requirement = {
				kind = upToNextMajorVersion;
				minimumVersion = 5.0.0;
			};
		};
/* End XCRemoteSwiftPackageReference section */

/* Begin XCSwiftPackageProductDependency section */
		B1DC84762849FB71008235D8 /* SnapKit */ = {
			isa = XCSwiftPackageProductDependency;
			package = B1DC84752849FB71008235D8 /* XCRemoteSwiftPackageReference "SnapKit" */;
			productName = SnapKit;
		};
/* End XCSwiftPackageProductDependency section */
	};
	rootObject = B1DC84562849F85F008235D8 /* Project object */;
}
